
Microsoft Visual Studio Solution File, Format Version 12.00
# Visual Studio Version 17
VisualStudioVersion = 17.7.34003.232
MinimumVisualStudioVersion = 10.0.40219.1
Project("{9A19103F-16F7-4668-BE54-9A1E7A4F7556}") = "InitialSetup", "InitialSetup\InitialSetup.csproj", "{F2ADCD63-5419-416B-96AA-E31094BA3265}"
EndProject
Project("{FAE04EC0-301F-11D3-BF4B-00C04F79EFBC}") = "NET-MVC-Razor", "NET-MVC-Razor\NET-MVC-Razor.csproj", "{440A75FE-9A06-4416-9499-07F09A28AF47}"
EndProject
Global
	GlobalSection(SolutionConfigurationPlatforms) = preSolution
		Debug|Any CPU = Debug|Any CPU
		Release|Any CPU = Release|Any CPU
	EndGlobalSection
	GlobalSection(ProjectConfigurationPlatforms) = postSolution
		{F2ADCD63-5419-416B-96AA-E31094BA3265}.Debug|Any CPU.ActiveCfg = Debug|Any CPU
		{F2ADCD63-5419-416B-96AA-E31094BA3265}.Debug|Any CPU.Build.0 = Debug|Any CPU
		{F2ADCD63-5419-416B-96AA-E31094BA3265}.Release|Any CPU.ActiveCfg = Release|Any CPU
		{F2ADCD63-5419-416B-96AA-E31094BA3265}.Release|Any CPU.Build.0 = Release|Any CPU
		{440A75FE-9A06-4416-9499-07F09A28AF47}.Debug|Any CPU.ActiveCfg = Debug|Any CPU
		{440A75FE-9A06-4416-9499-07F09A28AF47}.Debug|Any CPU.Build.0 = Debug|Any CPU
		{440A75FE-9A06-4416-9499-07F09A28AF47}.Release|Any CPU.ActiveCfg = Release|Any CPU
		{440A75FE-9A06-4416-9499-07F09A28AF47}.Release|Any CPU.Build.0 = Release|Any CPU
	EndGlobalSection
	GlobalSection(SolutionProperties) = preSolution
		HideSolutionNode = FALSE
	EndGlobalSection
	GlobalSection(ExtensibilityGlobals) = postSolution
		SolutionGuid = {16801FC3-2CD5-4EFA-8032-3ADB33077F6A}
	EndGlobalSection
EndGlobal
